
Microsoft Visual Studio Solution File, Format Version 12.00
# Visual Studio Version 16
VisualStudioVersion = 16.0.30907.101
MinimumVisualStudioVersion = 10.0.40219.1
Project("{9A19103F-16F7-4668-BE54-9A1E7A4F7556}") = "Wpf-1st-application", "Wpf-1st-application\Wpf-1st-application.csproj", "{F59F1CBF-4993-490A-9856-9BAED292BBDD}"
EndProject
Project("{FAE04EC0-301F-11D3-BF4B-00C04F79EFBC}") = "2.8 In class Participation", "2.8 In class Participation\2.8 In class Participation.csproj", "{3DF6A087-104A-40A3-AC8F-1E88C94D5351}"
EndProject
Project("{FAE04EC0-301F-11D3-BF4B-00C04F79EFBC}") = "WPF Classes 2", "WPF Classes 2\WPF Classes 2.csproj", "{7AA9A828-7125-437C-BF0E-625682A0091C}"
EndProject
Global
	GlobalSection(SolutionConfigurationPlatforms) = preSolution
		Debug|Any CPU = Debug|Any CPU
		Release|Any CPU = Release|Any CPU
	EndGlobalSection
	GlobalSection(ProjectConfigurationPlatforms) = postSolution
		{F59F1CBF-4993-490A-9856-9BAED292BBDD}.Debug|Any CPU.ActiveCfg = Debug|Any CPU
		{F59F1CBF-4993-490A-9856-9BAED292BBDD}.Debug|Any CPU.Build.0 = Debug|Any CPU
		{F59F1CBF-4993-490A-9856-9BAED292BBDD}.Release|Any CPU.ActiveCfg = Release|Any CPU
		{F59F1CBF-4993-490A-9856-9BAED292BBDD}.Release|Any CPU.Build.0 = Release|Any CPU
		{3DF6A087-104A-40A3-AC8F-1E88C94D5351}.Debug|Any CPU.ActiveCfg = Debug|Any CPU
		{3DF6A087-104A-40A3-AC8F-1E88C94D5351}.Debug|Any CPU.Build.0 = Debug|Any CPU
		{3DF6A087-104A-40A3-AC8F-1E88C94D5351}.Release|Any CPU.ActiveCfg = Release|Any CPU
		{3DF6A087-104A-40A3-AC8F-1E88C94D5351}.Release|Any CPU.Build.0 = Release|Any CPU
		{7AA9A828-7125-437C-BF0E-625682A0091C}.Debug|Any CPU.ActiveCfg = Debug|Any CPU
		{7AA9A828-7125-437C-BF0E-625682A0091C}.Debug|Any CPU.Build.0 = Debug|Any CPU
		{7AA9A828-7125-437C-BF0E-625682A0091C}.Release|Any CPU.ActiveCfg = Release|Any CPU
		{7AA9A828-7125-437C-BF0E-625682A0091C}.Release|Any CPU.Build.0 = Release|Any CPU
	EndGlobalSection
	GlobalSection(SolutionProperties) = preSolution
		HideSolutionNode = FALSE
	EndGlobalSection
	GlobalSection(ExtensibilityGlobals) = postSolution
		SolutionGuid = {BA39C1BF-A969-47CF-ACEC-EB20DE54A6AC}
	EndGlobalSection
EndGlobal
