
Microsoft Visual Studio Solution File, Format Version 12.00
# Visual Studio Version 16
VisualStudioVersion = 16.0.30907.101
MinimumVisualStudioVersion = 10.0.40219.1
Project("{FAE04EC0-301F-11D3-BF4B-00C04F79EFBC}") = "Wpf-1st-application", "Wpf-1st-application\Wpf-1st-application.csproj", "{F59F1CBF-4993-490A-9856-9BAED292BBDD}"
EndProject
Global
	GlobalSection(SolutionConfigurationPlatforms) = preSolution
		Debug|Any CPU = Debug|Any CPU
		Release|Any CPU = Release|Any CPU
	EndGlobalSection
	GlobalSection(ProjectConfigurationPlatforms) = postSolution
		{F59F1CBF-4993-490A-9856-9BAED292BBDD}.Debug|Any CPU.ActiveCfg = Debug|Any CPU
		{F59F1CBF-4993-490A-9856-9BAED292BBDD}.Debug|Any CPU.Build.0 = Debug|Any CPU
		{F59F1CBF-4993-490A-9856-9BAED292BBDD}.Release|Any CPU.ActiveCfg = Release|Any CPU
		{F59F1CBF-4993-490A-9856-9BAED292BBDD}.Release|Any CPU.Build.0 = Release|Any CPU
	EndGlobalSection
	GlobalSection(SolutionProperties) = preSolution
		HideSolutionNode = FALSE
	EndGlobalSection
	GlobalSection(ExtensibilityGlobals) = postSolution
		SolutionGuid = {BA39C1BF-A969-47CF-ACEC-EB20DE54A6AC}
	EndGlobalSection
EndGlobal
